
Microsoft Visual Studio Solution File, Format Version 12.00
# Visual Studio Version 17
VisualStudioVersion = 17.5.33516.290
MinimumVisualStudioVersion = 10.0.40219.1
Project("{9A19103F-16F7-4668-BE54-9A1E7A4F7556}") = "GithubAntiCorruption.Tests", "GithubAntiCorruption.Tests\GithubAntiCorruption.Tests.csproj", "{43528C99-368C-479F-9457-775BCEB821B6}"
EndProject
Project("{9A19103F-16F7-4668-BE54-9A1E7A4F7556}") = "GitHubAntiCorruptionApi", "GitHubAntiCorruptionApi\GitHubAntiCorruptionApi.csproj", "{C2F16A73-A37E-4EE4-BB07-466B2AE3B477}"
EndProject
Global
	GlobalSection(SolutionConfigurationPlatforms) = preSolution
		Debug|Any CPU = Debug|Any CPU
		Release|Any CPU = Release|Any CPU
	EndGlobalSection
	GlobalSection(ProjectConfigurationPlatforms) = postSolution
		{43528C99-368C-479F-9457-775BCEB821B6}.Debug|Any CPU.ActiveCfg = Debug|Any CPU
		{43528C99-368C-479F-9457-775BCEB821B6}.Debug|Any CPU.Build.0 = Debug|Any CPU
		{43528C99-368C-479F-9457-775BCEB821B6}.Release|Any CPU.ActiveCfg = Release|Any CPU
		{43528C99-368C-479F-9457-775BCEB821B6}.Release|Any CPU.Build.0 = Release|Any CPU
		{C2F16A73-A37E-4EE4-BB07-466B2AE3B477}.Debug|Any CPU.ActiveCfg = Debug|Any CPU
		{C2F16A73-A37E-4EE4-BB07-466B2AE3B477}.Debug|Any CPU.Build.0 = Debug|Any CPU
		{C2F16A73-A37E-4EE4-BB07-466B2AE3B477}.Release|Any CPU.ActiveCfg = Release|Any CPU
		{C2F16A73-A37E-4EE4-BB07-466B2AE3B477}.Release|Any CPU.Build.0 = Release|Any CPU
	EndGlobalSection
	GlobalSection(SolutionProperties) = preSolution
		HideSolutionNode = FALSE
	EndGlobalSection
	GlobalSection(ExtensibilityGlobals) = postSolution
		SolutionGuid = {A5FE3D5D-6E39-4BC8-8BE8-99F784462F36}
	EndGlobalSection
EndGlobal
